// !$*UTF8*$!
{
	archiveVersion = 1;
	classes = {
	};
	objectVersion = 46;
	objects = {

/* Begin PBXBuildFile section */
		AE3127511AEDAD1700D438A4 /* AppDelegate.swift in Sources */ = {isa = PBXBuildFile; fileRef = AE3127501AEDAD1700D438A4 /* AppDelegate.swift */; };
		AE3127541AEDAD1700D438A4 /* StateMachine.xcdatamodeld in Sources */ = {isa = PBXBuildFile; fileRef = AE3127521AEDAD1700D438A4 /* StateMachine.xcdatamodeld */; };
		AE3127561AEDAD1700D438A4 /* ViewController.swift in Sources */ = {isa = PBXBuildFile; fileRef = AE3127551AEDAD1700D438A4 /* ViewController.swift */; };
		AE3127591AEDAD1700D438A4 /* Main.storyboard in Resources */ = {isa = PBXBuildFile; fileRef = AE3127571AEDAD1700D438A4 /* Main.storyboard */; };
		AE31275B1AEDAD1700D438A4 /* Images.xcassets in Resources */ = {isa = PBXBuildFile; fileRef = AE31275A1AEDAD1700D438A4 /* Images.xcassets */; };
		AE31275E1AEDAD1700D438A4 /* LaunchScreen.xib in Resources */ = {isa = PBXBuildFile; fileRef = AE31275C1AEDAD1700D438A4 /* LaunchScreen.xib */; };
		AE31276A1AEDAD1700D438A4 /* StateMachineTests.swift in Sources */ = {isa = PBXBuildFile; fileRef = AE3127691AEDAD1700D438A4 /* StateMachineTests.swift */; };
		AE3127751AEDAD9600D438A4 /* State.swift in Sources */ = {isa = PBXBuildFile; fileRef = AE3127741AEDAD9600D438A4 /* State.swift */; };
		AE3127771AEDB39000D438A4 /* StateMachine.swift in Sources */ = {isa = PBXBuildFile; fileRef = AE3127761AEDB39000D438A4 /* StateMachine.swift */; };
		AE31277B1AEDB4AB00D438A4 /* Event.swift in Sources */ = {isa = PBXBuildFile; fileRef = AE31277A1AEDB4AB00D438A4 /* Event.swift */; };
		AE31277E1AEDB5FE00D438A4 /* ViewControllerStateMachine.swift in Sources */ = {isa = PBXBuildFile; fileRef = AE31277D1AEDB5FE00D438A4 /* ViewControllerStateMachine.swift */; };
		AE3127801AEDBEA600D438A4 /* ViewControllerState.swift in Sources */ = {isa = PBXBuildFile; fileRef = AE31277F1AEDBEA600D438A4 /* ViewControllerState.swift */; };
		AE3127831AEDC7B100D438A4 /* UIViewExtensions.swift in Sources */ = {isa = PBXBuildFile; fileRef = AE3127821AEDC7B100D438A4 /* UIViewExtensions.swift */; };
		AEFB5D511AEDE2B90015D858 /* BaseStateViewController.swift in Sources */ = {isa = PBXBuildFile; fileRef = AEFB5D501AEDE2B90015D858 /* BaseStateViewController.swift */; };
		AEFB5D541AEDF4290015D858 /* EventEnum.swift in Sources */ = {isa = PBXBuildFile; fileRef = AEFB5D531AEDF4290015D858 /* EventEnum.swift */; };
/* End PBXBuildFile section */

/* Begin PBXContainerItemProxy section */
		AE3127641AEDAD1700D438A4 /* PBXContainerItemProxy */ = {
			isa = PBXContainerItemProxy;
			containerPortal = AE3127431AEDAD1700D438A4 /* Project object */;
			proxyType = 1;
			remoteGlobalIDString = AE31274A1AEDAD1700D438A4;
			remoteInfo = StateMachine;
		};
/* End PBXContainerItemProxy section */

/* Begin PBXFileReference section */
		AE31274B1AEDAD1700D438A4 /* StateMachine.app */ = {isa = PBXFileReference; explicitFileType = wrapper.application; includeInIndex = 0; path = StateMachine.app; sourceTree = BUILT_PRODUCTS_DIR; };
		AE31274F1AEDAD1700D438A4 /* Info.plist */ = {isa = PBXFileReference; lastKnownFileType = text.plist.xml; path = Info.plist; sourceTree = "<group>"; };
		AE3127501AEDAD1700D438A4 /* AppDelegate.swift */ = {isa = PBXFileReference; lastKnownFileType = sourcecode.swift; path = AppDelegate.swift; sourceTree = "<group>"; };
		AE3127531AEDAD1700D438A4 /* StateMachine.xcdatamodel */ = {isa = PBXFileReference; lastKnownFileType = wrapper.xcdatamodel; path = StateMachine.xcdatamodel; sourceTree = "<group>"; };
		AE3127551AEDAD1700D438A4 /* ViewController.swift */ = {isa = PBXFileReference; lastKnownFileType = sourcecode.swift; path = ViewController.swift; sourceTree = "<group>"; };
		AE3127581AEDAD1700D438A4 /* Base */ = {isa = PBXFileReference; lastKnownFileType = file.storyboard; name = Base; path = Base.lproj/Main.storyboard; sourceTree = "<group>"; };
		AE31275A1AEDAD1700D438A4 /* Images.xcassets */ = {isa = PBXFileReference; lastKnownFileType = folder.assetcatalog; path = Images.xcassets; sourceTree = "<group>"; };
		AE31275D1AEDAD1700D438A4 /* Base */ = {isa = PBXFileReference; lastKnownFileType = file.xib; name = Base; path = Base.lproj/LaunchScreen.xib; sourceTree = "<group>"; };
		AE3127631AEDAD1700D438A4 /* StateMachineTests.xctest */ = {isa = PBXFileReference; explicitFileType = wrapper.cfbundle; includeInIndex = 0; path = StateMachineTests.xctest; sourceTree = BUILT_PRODUCTS_DIR; };
		AE3127681AEDAD1700D438A4 /* Info.plist */ = {isa = PBXFileReference; lastKnownFileType = text.plist.xml; path = Info.plist; sourceTree = "<group>"; };
		AE3127691AEDAD1700D438A4 /* StateMachineTests.swift */ = {isa = PBXFileReference; lastKnownFileType = sourcecode.swift; path = StateMachineTests.swift; sourceTree = "<group>"; };
		AE3127741AEDAD9600D438A4 /* State.swift */ = {isa = PBXFileReference; fileEncoding = 4; lastKnownFileType = sourcecode.swift; path = State.swift; sourceTree = "<group>"; };
		AE3127761AEDB39000D438A4 /* StateMachine.swift */ = {isa = PBXFileReference; fileEncoding = 4; lastKnownFileType = sourcecode.swift; path = StateMachine.swift; sourceTree = "<group>"; };
		AE31277A1AEDB4AB00D438A4 /* Event.swift */ = {isa = PBXFileReference; fileEncoding = 4; lastKnownFileType = sourcecode.swift; path = Event.swift; sourceTree = "<group>"; };
		AE31277D1AEDB5FE00D438A4 /* ViewControllerStateMachine.swift */ = {isa = PBXFileReference; fileEncoding = 4; lastKnownFileType = sourcecode.swift; path = ViewControllerStateMachine.swift; sourceTree = "<group>"; };
		AE31277F1AEDBEA600D438A4 /* ViewControllerState.swift */ = {isa = PBXFileReference; fileEncoding = 4; lastKnownFileType = sourcecode.swift; path = ViewControllerState.swift; sourceTree = "<group>"; };
		AE3127821AEDC7B100D438A4 /* UIViewExtensions.swift */ = {isa = PBXFileReference; fileEncoding = 4; lastKnownFileType = sourcecode.swift; path = UIViewExtensions.swift; sourceTree = "<group>"; };
		AEFB5D501AEDE2B90015D858 /* BaseStateViewController.swift */ = {isa = PBXFileReference; fileEncoding = 4; lastKnownFileType = sourcecode.swift; path = BaseStateViewController.swift; sourceTree = "<group>"; };
		AEFB5D531AEDF4290015D858 /* EventEnum.swift */ = {isa = PBXFileReference; fileEncoding = 4; lastKnownFileType = sourcecode.swift; path = EventEnum.swift; sourceTree = "<group>"; };
/* End PBXFileReference section */

/* Begin PBXFrameworksBuildPhase section */
		AE3127481AEDAD1700D438A4 /* Frameworks */ = {
			isa = PBXFrameworksBuildPhase;
			buildActionMask = 2147483647;
			files = (
			);
			runOnlyForDeploymentPostprocessing = 0;
		};
		AE3127601AEDAD1700D438A4 /* Frameworks */ = {
			isa = PBXFrameworksBuildPhase;
			buildActionMask = 2147483647;
			files = (
			);
			runOnlyForDeploymentPostprocessing = 0;
		};
/* End PBXFrameworksBuildPhase section */

/* Begin PBXGroup section */
		AE3127421AEDAD1700D438A4 = {
			isa = PBXGroup;
			children = (
				AE31274D1AEDAD1700D438A4 /* StateMachine */,
				AE3127661AEDAD1700D438A4 /* StateMachineTests */,
				AE31274C1AEDAD1700D438A4 /* Products */,
			);
			sourceTree = "<group>";
		};
		AE31274C1AEDAD1700D438A4 /* Products */ = {
			isa = PBXGroup;
			children = (
				AE31274B1AEDAD1700D438A4 /* StateMachine.app */,
				AE3127631AEDAD1700D438A4 /* StateMachineTests.xctest */,
			);
			name = Products;
			sourceTree = "<group>";
		};
		AE31274D1AEDAD1700D438A4 /* StateMachine */ = {
			isa = PBXGroup;
			children = (
				AEFB5D521AEDF3F30015D858 /* Enums */,
				AE3127811AEDC79800D438A4 /* Extensions */,
				AE31277C1AEDB5E100D438A4 /* Implementation */,
				AE3127731AEDAD4C00D438A4 /* Protocols */,
				AE3127501AEDAD1700D438A4 /* AppDelegate.swift */,
				AE3127551AEDAD1700D438A4 /* ViewController.swift */,
				AE3127571AEDAD1700D438A4 /* Main.storyboard */,
				AE31275A1AEDAD1700D438A4 /* Images.xcassets */,
				AE31275C1AEDAD1700D438A4 /* LaunchScreen.xib */,
				AE3127521AEDAD1700D438A4 /* StateMachine.xcdatamodeld */,
				AE31274E1AEDAD1700D438A4 /* Supporting Files */,
			);
			path = StateMachine;
			sourceTree = "<group>";
		};
		AE31274E1AEDAD1700D438A4 /* Supporting Files */ = {
			isa = PBXGroup;
			children = (
				AE31274F1AEDAD1700D438A4 /* Info.plist */,
			);
			name = "Supporting Files";
			sourceTree = "<group>";
		};
		AE3127661AEDAD1700D438A4 /* StateMachineTests */ = {
			isa = PBXGroup;
			children = (
				AE3127691AEDAD1700D438A4 /* StateMachineTests.swift */,
				AE3127671AEDAD1700D438A4 /* Supporting Files */,
			);
			path = StateMachineTests;
			sourceTree = "<group>";
		};
		AE3127671AEDAD1700D438A4 /* Supporting Files */ = {
			isa = PBXGroup;
			children = (
				AE3127681AEDAD1700D438A4 /* Info.plist */,
			);
			name = "Supporting Files";
			sourceTree = "<group>";
		};
		AE3127731AEDAD4C00D438A4 /* Protocols */ = {
			isa = PBXGroup;
			children = (
				AE3127741AEDAD9600D438A4 /* State.swift */,
				AE3127761AEDB39000D438A4 /* StateMachine.swift */,
				AE31277A1AEDB4AB00D438A4 /* Event.swift */,
			);
			name = Protocols;
			sourceTree = "<group>";
		};
		AE31277C1AEDB5E100D438A4 /* Implementation */ = {
			isa = PBXGroup;
			children = (
				AE31277D1AEDB5FE00D438A4 /* ViewControllerStateMachine.swift */,
				AE31277F1AEDBEA600D438A4 /* ViewControllerState.swift */,
				AEFB5D501AEDE2B90015D858 /* BaseStateViewController.swift */,
			);
			name = Implementation;
			sourceTree = "<group>";
		};
		AE3127811AEDC79800D438A4 /* Extensions */ = {
			isa = PBXGroup;
			children = (
				AE3127821AEDC7B100D438A4 /* UIViewExtensions.swift */,
			);
			name = Extensions;
			sourceTree = "<group>";
		};
		AEFB5D521AEDF3F30015D858 /* Enums */ = {
			isa = PBXGroup;
			children = (
				AEFB5D531AEDF4290015D858 /* EventEnum.swift */,
			);
			name = Enums;
			sourceTree = "<group>";
		};
/* End PBXGroup section */

/* Begin PBXNativeTarget section */
		AE31274A1AEDAD1700D438A4 /* StateMachine */ = {
			isa = PBXNativeTarget;
			buildConfigurationList = AE31276D1AEDAD1700D438A4 /* Build configuration list for PBXNativeTarget "StateMachine" */;
			buildPhases = (
				AE3127471AEDAD1700D438A4 /* Sources */,
				AE3127481AEDAD1700D438A4 /* Frameworks */,
				AE3127491AEDAD1700D438A4 /* Resources */,
			);
			buildRules = (
			);
			dependencies = (
			);
			name = StateMachine;
			productName = StateMachine;
			productReference = AE31274B1AEDAD1700D438A4 /* StateMachine.app */;
			productType = "com.apple.product-type.application";
		};
		AE3127621AEDAD1700D438A4 /* StateMachineTests */ = {
			isa = PBXNativeTarget;
			buildConfigurationList = AE3127701AEDAD1700D438A4 /* Build configuration list for PBXNativeTarget "StateMachineTests" */;
			buildPhases = (
				AE31275F1AEDAD1700D438A4 /* Sources */,
				AE3127601AEDAD1700D438A4 /* Frameworks */,
				AE3127611AEDAD1700D438A4 /* Resources */,
			);
			buildRules = (
			);
			dependencies = (
				AE3127651AEDAD1700D438A4 /* PBXTargetDependency */,
			);
			name = StateMachineTests;
			productName = StateMachineTests;
			productReference = AE3127631AEDAD1700D438A4 /* StateMachineTests.xctest */;
			productType = "com.apple.product-type.bundle.unit-test";
		};
/* End PBXNativeTarget section */

/* Begin PBXProject section */
		AE3127431AEDAD1700D438A4 /* Project object */ = {
			isa = PBXProject;
			attributes = {
				LastUpgradeCheck = 0630;
				ORGANIZATIONNAME = khr;
				TargetAttributes = {
					AE31274A1AEDAD1700D438A4 = {
						CreatedOnToolsVersion = 6.3.1;
					};
					AE3127621AEDAD1700D438A4 = {
						CreatedOnToolsVersion = 6.3.1;
						TestTargetID = AE31274A1AEDAD1700D438A4;
					};
				};
			};
			buildConfigurationList = AE3127461AEDAD1700D438A4 /* Build configuration list for PBXProject "StateMachine" */;
			compatibilityVersion = "Xcode 3.2";
			developmentRegion = English;
			hasScannedForEncodings = 0;
			knownRegions = (
				en,
				Base,
			);
			mainGroup = AE3127421AEDAD1700D438A4;
			productRefGroup = AE31274C1AEDAD1700D438A4 /* Products */;
			projectDirPath = "";
			projectRoot = "";
			targets = (
				AE31274A1AEDAD1700D438A4 /* StateMachine */,
				AE3127621AEDAD1700D438A4 /* StateMachineTests */,
			);
		};
/* End PBXProject section */

/* Begin PBXResourcesBuildPhase section */
		AE3127491AEDAD1700D438A4 /* Resources */ = {
			isa = PBXResourcesBuildPhase;
			buildActionMask = 2147483647;
			files = (
				AE3127591AEDAD1700D438A4 /* Main.storyboard in Resources */,
				AE31275E1AEDAD1700D438A4 /* LaunchScreen.xib in Resources */,
				AE31275B1AEDAD1700D438A4 /* Images.xcassets in Resources */,
			);
			runOnlyForDeploymentPostprocessing = 0;
		};
		AE3127611AEDAD1700D438A4 /* Resources */ = {
			isa = PBXResourcesBuildPhase;
			buildActionMask = 2147483647;
			files = (
			);
			runOnlyForDeploymentPostprocessing = 0;
		};
/* End PBXResourcesBuildPhase section */

/* Begin PBXSourcesBuildPhase section */
		AE3127471AEDAD1700D438A4 /* Sources */ = {
			isa = PBXSourcesBuildPhase;
			buildActionMask = 2147483647;
			files = (
				AE3127561AEDAD1700D438A4 /* ViewController.swift in Sources */,
				AE31277E1AEDB5FE00D438A4 /* ViewControllerStateMachine.swift in Sources */,
				AE3127751AEDAD9600D438A4 /* State.swift in Sources */,
				AE3127511AEDAD1700D438A4 /* AppDelegate.swift in Sources */,
				AE3127801AEDBEA600D438A4 /* ViewControllerState.swift in Sources */,
				AE3127771AEDB39000D438A4 /* StateMachine.swift in Sources */,
				AE31277B1AEDB4AB00D438A4 /* Event.swift in Sources */,
				AE3127831AEDC7B100D438A4 /* UIViewExtensions.swift in Sources */,
				AE3127541AEDAD1700D438A4 /* StateMachine.xcdatamodeld in Sources */,
				AEFB5D541AEDF4290015D858 /* EventEnum.swift in Sources */,
				AEFB5D511AEDE2B90015D858 /* BaseStateViewController.swift in Sources */,
			);
			runOnlyForDeploymentPostprocessing = 0;
		};
		AE31275F1AEDAD1700D438A4 /* Sources */ = {
			isa = PBXSourcesBuildPhase;
			buildActionMask = 2147483647;
			files = (
				AE31276A1AEDAD1700D438A4 /* StateMachineTests.swift in Sources */,
			);
			runOnlyForDeploymentPostprocessing = 0;
		};
/* End PBXSourcesBuildPhase section */

/* Begin PBXTargetDependency section */
		AE3127651AEDAD1700D438A4 /* PBXTargetDependency */ = {
			isa = PBXTargetDependency;
			target = AE31274A1AEDAD1700D438A4 /* StateMachine */;
			targetProxy = AE3127641AEDAD1700D438A4 /* PBXContainerItemProxy */;
		};
/* End PBXTargetDependency section */

/* Begin PBXVariantGroup section */
		AE3127571AEDAD1700D438A4 /* Main.storyboard */ = {
			isa = PBXVariantGroup;
			children = (
				AE3127581AEDAD1700D438A4 /* Base */,
			);
			name = Main.storyboard;
			sourceTree = "<group>";
		};
		AE31275C1AEDAD1700D438A4 /* LaunchScreen.xib */ = {
			isa = PBXVariantGroup;
			children = (
				AE31275D1AEDAD1700D438A4 /* Base */,
			);
			name = LaunchScreen.xib;
			sourceTree = "<group>";
		};
/* End PBXVariantGroup section */

/* Begin XCBuildConfiguration section */
		AE31276B1AEDAD1700D438A4 /* Debug */ = {
			isa = XCBuildConfiguration;
			buildSettings = {
				ALWAYS_SEARCH_USER_PATHS = NO;
				CLANG_CXX_LANGUAGE_STANDARD = "gnu++0x";
				CLANG_CXX_LIBRARY = "libc++";
				CLANG_ENABLE_MODULES = YES;
				CLANG_ENABLE_OBJC_ARC = YES;
				CLANG_WARN_BOOL_CONVERSION = YES;
				CLANG_WARN_CONSTANT_CONVERSION = YES;
				CLANG_WARN_DIRECT_OBJC_ISA_USAGE = YES_ERROR;
				CLANG_WARN_EMPTY_BODY = YES;
				CLANG_WARN_ENUM_CONVERSION = YES;
				CLANG_WARN_INT_CONVERSION = YES;
				CLANG_WARN_OBJC_ROOT_CLASS = YES_ERROR;
				CLANG_WARN_UNREACHABLE_CODE = YES;
				CLANG_WARN__DUPLICATE_METHOD_MATCH = YES;
				"CODE_SIGN_IDENTITY[sdk=iphoneos*]" = "iPhone Developer";
				COPY_PHASE_STRIP = NO;
				DEBUG_INFORMATION_FORMAT = "dwarf-with-dsym";
				ENABLE_STRICT_OBJC_MSGSEND = YES;
				GCC_C_LANGUAGE_STANDARD = gnu99;
				GCC_DYNAMIC_NO_PIC = NO;
				GCC_NO_COMMON_BLOCKS = YES;
				GCC_OPTIMIZATION_LEVEL = 0;
				GCC_PREPROCESSOR_DEFINITIONS = (
					"DEBUG=1",
					"$(inherited)",
				);
				GCC_SYMBOLS_PRIVATE_EXTERN = NO;
				GCC_WARN_64_TO_32_BIT_CONVERSION = YES;
				GCC_WARN_ABOUT_RETURN_TYPE = YES_ERROR;
				GCC_WARN_UNDECLARED_SELECTOR = YES;
				GCC_WARN_UNINITIALIZED_AUTOS = YES_AGGRESSIVE;
				GCC_WARN_UNUSED_FUNCTION = YES;
				GCC_WARN_UNUSED_VARIABLE = YES;
				IPHONEOS_DEPLOYMENT_TARGET = 8.3;
				MTL_ENABLE_DEBUG_INFO = YES;
				ONLY_ACTIVE_ARCH = YES;
				SDKROOT = iphoneos;
				SWIFT_OPTIMIZATION_LEVEL = "-Onone";
			};
			name = Debug;
		};
		AE31276C1AEDAD1700D438A4 /* Release */ = {
			isa = XCBuildConfiguration;
			buildSettings = {
				ALWAYS_SEARCH_USER_PATHS = NO;
				CLANG_CXX_LANGUAGE_STANDARD = "gnu++0x";
				CLANG_CXX_LIBRARY = "libc++";
				CLANG_ENABLE_MODULES = YES;
				CLANG_ENABLE_OBJC_ARC = YES;
				CLANG_WARN_BOOL_CONVERSION = YES;
				CLANG_WARN_CONSTANT_CONVERSION = YES;
				CLANG_WARN_DIRECT_OBJC_ISA_USAGE = YES_ERROR;
				CLANG_WARN_EMPTY_BODY = YES;
				CLANG_WARN_ENUM_CONVERSION = YES;
				CLANG_WARN_INT_CONVERSION = YES;
				CLANG_WARN_OBJC_ROOT_CLASS = YES_ERROR;
				CLANG_WARN_UNREACHABLE_CODE = YES;
				CLANG_WARN__DUPLICATE_METHOD_MATCH = YES;
				"CODE_SIGN_IDENTITY[sdk=iphoneos*]" = "iPhone Developer";
				COPY_PHASE_STRIP = NO;
				DEBUG_INFORMATION_FORMAT = "dwarf-with-dsym";
				ENABLE_NS_ASSERTIONS = NO;
				ENABLE_STRICT_OBJC_MSGSEND = YES;
				GCC_C_LANGUAGE_STANDARD = gnu99;
				GCC_NO_COMMON_BLOCKS = YES;
				GCC_WARN_64_TO_32_BIT_CONVERSION = YES;
				GCC_WARN_ABOUT_RETURN_TYPE = YES_ERROR;
				GCC_WARN_UNDECLARED_SELECTOR = YES;
				GCC_WARN_UNINITIALIZED_AUTOS = YES_AGGRESSIVE;
				GCC_WARN_UNUSED_FUNCTION = YES;
				GCC_WARN_UNUSED_VARIABLE = YES;
				IPHONEOS_DEPLOYMENT_TARGET = 8.3;
				MTL_ENABLE_DEBUG_INFO = NO;
				SDKROOT = iphoneos;
				VALIDATE_PRODUCT = YES;
			};
			name = Release;
		};
		AE31276E1AEDAD1700D438A4 /* Debug */ = {
			isa = XCBuildConfiguration;
			buildSettings = {
				ASSETCATALOG_COMPILER_APPICON_NAME = AppIcon;
				INFOPLIST_FILE = StateMachine/Info.plist;
				LD_RUNPATH_SEARCH_PATHS = "$(inherited) @executable_path/Frameworks";
				PRODUCT_NAME = "$(TARGET_NAME)";
			};
			name = Debug;
		};
		AE31276F1AEDAD1700D438A4 /* Release */ = {
			isa = XCBuildConfiguration;
			buildSettings = {
				ASSETCATALOG_COMPILER_APPICON_NAME = AppIcon;
				INFOPLIST_FILE = StateMachine/Info.plist;
				LD_RUNPATH_SEARCH_PATHS = "$(inherited) @executable_path/Frameworks";
				PRODUCT_NAME = "$(TARGET_NAME)";
			};
			name = Release;
		};
		AE3127711AEDAD1700D438A4 /* Debug */ = {
			isa = XCBuildConfiguration;
			buildSettings = {
				BUNDLE_LOADER = "$(TEST_HOST)";
				FRAMEWORK_SEARCH_PATHS = (
					"$(SDKROOT)/Developer/Library/Frameworks",
					"$(inherited)",
				);
				GCC_PREPROCESSOR_DEFINITIONS = (
					"DEBUG=1",
					"$(inherited)",
				);
				INFOPLIST_FILE = StateMachineTests/Info.plist;
				LD_RUNPATH_SEARCH_PATHS = "$(inherited) @executable_path/Frameworks @loader_path/Frameworks";
				PRODUCT_NAME = "$(TARGET_NAME)";
				TEST_HOST = "$(BUILT_PRODUCTS_DIR)/StateMachine.app/StateMachine";
			};
			name = Debug;
		};
		AE3127721AEDAD1700D438A4 /* Release */ = {
			isa = XCBuildConfiguration;
			buildSettings = {
				BUNDLE_LOADER = "$(TEST_HOST)";
				FRAMEWORK_SEARCH_PATHS = (
					"$(SDKROOT)/Developer/Library/Frameworks",
					"$(inherited)",
				);
				INFOPLIST_FILE = StateMachineTests/Info.plist;
				LD_RUNPATH_SEARCH_PATHS = "$(inherited) @executable_path/Frameworks @loader_path/Frameworks";
				PRODUCT_NAME = "$(TARGET_NAME)";
				TEST_HOST = "$(BUILT_PRODUCTS_DIR)/StateMachine.app/StateMachine";
			};
			name = Release;
		};
/* End XCBuildConfiguration section */

/* Begin XCConfigurationList section */
		AE3127461AEDAD1700D438A4 /* Build configuration list for PBXProject "StateMachine" */ = {
			isa = XCConfigurationList;
			buildConfigurations = (
				AE31276B1AEDAD1700D438A4 /* Debug */,
				AE31276C1AEDAD1700D438A4 /* Release */,
			);
			defaultConfigurationIsVisible = 0;
			defaultConfigurationName = Release;
		};
		AE31276D1AEDAD1700D438A4 /* Build configuration list for PBXNativeTarget "StateMachine" */ = {
			isa = XCConfigurationList;
			buildConfigurations = (
				AE31276E1AEDAD1700D438A4 /* Debug */,
				AE31276F1AEDAD1700D438A4 /* Release */,
			);
			defaultConfigurationIsVisible = 0;
			defaultConfigurationName = Release;
		};
		AE3127701AEDAD1700D438A4 /* Build configuration list for PBXNativeTarget "StateMachineTests" */ = {
			isa = XCConfigurationList;
			buildConfigurations = (
				AE3127711AEDAD1700D438A4 /* Debug */,
				AE3127721AEDAD1700D438A4 /* Release */,
			);
			defaultConfigurationIsVisible = 0;
			defaultConfigurationName = Release;
		};
/* End XCConfigurationList section */

/* Begin XCVersionGroup section */
		AE3127521AEDAD1700D438A4 /* StateMachine.xcdatamodeld */ = {
			isa = XCVersionGroup;
			children = (
				AE3127531AEDAD1700D438A4 /* StateMachine.xcdatamodel */,
			);
			currentVersion = AE3127531AEDAD1700D438A4 /* StateMachine.xcdatamodel */;
			path = StateMachine.xcdatamodeld;
			sourceTree = "<group>";
			versionGroupType = wrapper.xcdatamodel;
		};
/* End XCVersionGroup section */
	};
	rootObject = AE3127431AEDAD1700D438A4 /* Project object */;
}
